
Microsoft Visual Studio Solution File, Format Version 12.00
# Visual Studio Version 17
VisualStudioVersion = 17.9.34622.214
MinimumVisualStudioVersion = 10.0.40219.1
Project("{FAE04EC0-301F-11D3-BF4B-00C04F79EFBC}") = "SignaturePadTesting", "SignaturePadTesting.csproj", "{6B632112-F6ED-4C4C-A3FE-03A3B849D831}"
EndProject
Global
	GlobalSection(SolutionConfigurationPlatforms) = preSolution
		Debug|Any CPU = Debug|Any CPU
		Release|Any CPU = Release|Any CPU
	EndGlobalSection
	GlobalSection(ProjectConfigurationPlatforms) = postSolution
		{6B632112-F6ED-4C4C-A3FE-03A3B849D831}.Debug|Any CPU.ActiveCfg = Debug|Any CPU
		{6B632112-F6ED-4C4C-A3FE-03A3B849D831}.Debug|Any CPU.Build.0 = Debug|Any CPU
		{6B632112-F6ED-4C4C-A3FE-03A3B849D831}.Release|Any CPU.ActiveCfg = Release|Any CPU
		{6B632112-F6ED-4C4C-A3FE-03A3B849D831}.Release|Any CPU.Build.0 = Release|Any CPU
	EndGlobalSection
	GlobalSection(SolutionProperties) = preSolution
		HideSolutionNode = FALSE
	EndGlobalSection
	GlobalSection(ExtensibilityGlobals) = postSolution
		SolutionGuid = {C855B2B6-7BB9-4B6E-901A-DB4CA1A0BC1E}
	EndGlobalSection
EndGlobal
